// !$*UTF8*$!
{
	archiveVersion = 1;
	classes = {
	};
	objectVersion = 55;
	objects = {

/* Begin PBXBuildFile section */
		13B4289127477BF200DE2E6D /* AppDelegate.swift in Sources */ = {isa = PBXBuildFile; fileRef = 13B4289027477BF200DE2E6D /* AppDelegate.swift */; };
		13B4289327477BF200DE2E6D /* SceneDelegate.swift in Sources */ = {isa = PBXBuildFile; fileRef = 13B4289227477BF200DE2E6D /* SceneDelegate.swift */; };
		13B4289B27477BF200DE2E6D /* TrendingGit.xcdatamodeld in Sources */ = {isa = PBXBuildFile; fileRef = 13B4289927477BF200DE2E6D /* TrendingGit.xcdatamodeld */; };
		13B4289D27477BF400DE2E6D /* Assets.xcassets in Resources */ = {isa = PBXBuildFile; fileRef = 13B4289C27477BF400DE2E6D /* Assets.xcassets */; };
		13B428A027477BF400DE2E6D /* LaunchScreen.storyboard in Resources */ = {isa = PBXBuildFile; fileRef = 13B4289E27477BF400DE2E6D /* LaunchScreen.storyboard */; };
		13B428AE27489E2800DE2E6D /* WebService.swift in Sources */ = {isa = PBXBuildFile; fileRef = 13B428AD27489E2800DE2E6D /* WebService.swift */; };
		13B428B527489E8200DE2E6D /* ListRepositories.storyboard in Resources */ = {isa = PBXBuildFile; fileRef = 13B428B427489E8200DE2E6D /* ListRepositories.storyboard */; };
		13B428B827489F2C00DE2E6D /* ListRepositoriesCollectionViewCell.swift in Sources */ = {isa = PBXBuildFile; fileRef = 13B428B627489F2C00DE2E6D /* ListRepositoriesCollectionViewCell.swift */; };
		13B428B927489F2C00DE2E6D /* ListRepositoriesCollectionViewCell.xib in Resources */ = {isa = PBXBuildFile; fileRef = 13B428B727489F2C00DE2E6D /* ListRepositoriesCollectionViewCell.xib */; };
		13B428BC27489FC600DE2E6D /* ListRepositoriesViewController.swift in Sources */ = {isa = PBXBuildFile; fileRef = 13B428BB27489FC600DE2E6D /* ListRepositoriesViewController.swift */; };
		13B428BE2748A39000DE2E6D /* Constants.swift in Sources */ = {isa = PBXBuildFile; fileRef = 13B428BD2748A39000DE2E6D /* Constants.swift */; };
		13B428C12748A3C300DE2E6D /* String+Extensions.swift in Sources */ = {isa = PBXBuildFile; fileRef = 13B428C02748A3C300DE2E6D /* String+Extensions.swift */; };
		13B428C42748A4A400DE2E6D /* ListRepositoriesViewModel.swift in Sources */ = {isa = PBXBuildFile; fileRef = 13B428C32748A4A400DE2E6D /* ListRepositoriesViewModel.swift */; };
		13B428C92748A52800DE2E6D /* Repository.swift in Sources */ = {isa = PBXBuildFile; fileRef = 13B428C52748A52800DE2E6D /* Repository.swift */; };
		13B428CA2748A52900DE2E6D /* Owner.swift in Sources */ = {isa = PBXBuildFile; fileRef = 13B428C62748A52800DE2E6D /* Owner.swift */; };
		13B428CB2748A52900DE2E6D /* RepositoriesResponse.swift in Sources */ = {isa = PBXBuildFile; fileRef = 13B428C72748A52800DE2E6D /* RepositoriesResponse.swift */; };
		13B428CC2748A52900DE2E6D /* License.swift in Sources */ = {isa = PBXBuildFile; fileRef = 13B428C82748A52800DE2E6D /* License.swift */; };
		13B428D42748FF5A00DE2E6D /* DetailRepository.storyboard in Resources */ = {isa = PBXBuildFile; fileRef = 13B428D32748FF5A00DE2E6D /* DetailRepository.storyboard */; };
		13B428D62748FF8900DE2E6D /* DetailRepositoryViewController.swift in Sources */ = {isa = PBXBuildFile; fileRef = 13B428D52748FF8900DE2E6D /* DetailRepositoryViewController.swift */; };
/* End PBXBuildFile section */

/* Begin PBXFileReference section */
		13B4288D27477BF200DE2E6D /* TrendingGit.app */ = {isa = PBXFileReference; explicitFileType = wrapper.application; includeInIndex = 0; path = TrendingGit.app; sourceTree = BUILT_PRODUCTS_DIR; };
		13B4289027477BF200DE2E6D /* AppDelegate.swift */ = {isa = PBXFileReference; lastKnownFileType = sourcecode.swift; path = AppDelegate.swift; sourceTree = "<group>"; };
		13B4289227477BF200DE2E6D /* SceneDelegate.swift */ = {isa = PBXFileReference; lastKnownFileType = sourcecode.swift; path = SceneDelegate.swift; sourceTree = "<group>"; };
		13B4289A27477BF200DE2E6D /* TrendingGit.xcdatamodel */ = {isa = PBXFileReference; lastKnownFileType = wrapper.xcdatamodel; path = TrendingGit.xcdatamodel; sourceTree = "<group>"; };
		13B4289C27477BF400DE2E6D /* Assets.xcassets */ = {isa = PBXFileReference; lastKnownFileType = folder.assetcatalog; path = Assets.xcassets; sourceTree = "<group>"; };
		13B4289F27477BF400DE2E6D /* Base */ = {isa = PBXFileReference; lastKnownFileType = file.storyboard; name = Base; path = Base.lproj/LaunchScreen.storyboard; sourceTree = "<group>"; };
		13B428A127477BF400DE2E6D /* Info.plist */ = {isa = PBXFileReference; lastKnownFileType = text.plist.xml; path = Info.plist; sourceTree = "<group>"; };
		13B428AD27489E2800DE2E6D /* WebService.swift */ = {isa = PBXFileReference; lastKnownFileType = sourcecode.swift; path = WebService.swift; sourceTree = "<group>"; };
		13B428B427489E8200DE2E6D /* ListRepositories.storyboard */ = {isa = PBXFileReference; lastKnownFileType = file.storyboard; path = ListRepositories.storyboard; sourceTree = "<group>"; };
		13B428B627489F2C00DE2E6D /* ListRepositoriesCollectionViewCell.swift */ = {isa = PBXFileReference; lastKnownFileType = sourcecode.swift; path = ListRepositoriesCollectionViewCell.swift; sourceTree = "<group>"; };
		13B428B727489F2C00DE2E6D /* ListRepositoriesCollectionViewCell.xib */ = {isa = PBXFileReference; lastKnownFileType = file.xib; path = ListRepositoriesCollectionViewCell.xib; sourceTree = "<group>"; };
		13B428BB27489FC600DE2E6D /* ListRepositoriesViewController.swift */ = {isa = PBXFileReference; lastKnownFileType = sourcecode.swift; path = ListRepositoriesViewController.swift; sourceTree = "<group>"; };
		13B428BD2748A39000DE2E6D /* Constants.swift */ = {isa = PBXFileReference; lastKnownFileType = sourcecode.swift; path = Constants.swift; sourceTree = "<group>"; };
		13B428C02748A3C300DE2E6D /* String+Extensions.swift */ = {isa = PBXFileReference; lastKnownFileType = sourcecode.swift; path = "String+Extensions.swift"; sourceTree = "<group>"; };
		13B428C32748A4A400DE2E6D /* ListRepositoriesViewModel.swift */ = {isa = PBXFileReference; lastKnownFileType = sourcecode.swift; path = ListRepositoriesViewModel.swift; sourceTree = "<group>"; };
		13B428C52748A52800DE2E6D /* Repository.swift */ = {isa = PBXFileReference; fileEncoding = 4; lastKnownFileType = sourcecode.swift; path = Repository.swift; sourceTree = "<group>"; };
		13B428C62748A52800DE2E6D /* Owner.swift */ = {isa = PBXFileReference; fileEncoding = 4; lastKnownFileType = sourcecode.swift; path = Owner.swift; sourceTree = "<group>"; };
		13B428C72748A52800DE2E6D /* RepositoriesResponse.swift */ = {isa = PBXFileReference; fileEncoding = 4; lastKnownFileType = sourcecode.swift; path = RepositoriesResponse.swift; sourceTree = "<group>"; };
		13B428C82748A52800DE2E6D /* License.swift */ = {isa = PBXFileReference; fileEncoding = 4; lastKnownFileType = sourcecode.swift; path = License.swift; sourceTree = "<group>"; };
		13B428D32748FF5A00DE2E6D /* DetailRepository.storyboard */ = {isa = PBXFileReference; lastKnownFileType = file.storyboard; path = DetailRepository.storyboard; sourceTree = "<group>"; };
		13B428D52748FF8900DE2E6D /* DetailRepositoryViewController.swift */ = {isa = PBXFileReference; lastKnownFileType = sourcecode.swift; path = DetailRepositoryViewController.swift; sourceTree = "<group>"; };
/* End PBXFileReference section */

/* Begin PBXFrameworksBuildPhase section */
		13B4288A27477BF200DE2E6D /* Frameworks */ = {
			isa = PBXFrameworksBuildPhase;
			buildActionMask = 2147483647;
			files = (
			);
			runOnlyForDeploymentPostprocessing = 0;
		};
/* End PBXFrameworksBuildPhase section */

/* Begin PBXGroup section */
		13B4288427477BF200DE2E6D = {
			isa = PBXGroup;
			children = (
				13B4288F27477BF200DE2E6D /* TrendingGit */,
				13B4288E27477BF200DE2E6D /* Products */,
			);
			sourceTree = "<group>";
		};
		13B4288E27477BF200DE2E6D /* Products */ = {
			isa = PBXGroup;
			children = (
				13B4288D27477BF200DE2E6D /* TrendingGit.app */,
			);
			name = Products;
			sourceTree = "<group>";
		};
		13B4288F27477BF200DE2E6D /* TrendingGit */ = {
			isa = PBXGroup;
			children = (
				13B428BF2748A3B500DE2E6D /* Extensions */,
				13B428AF27489E4500DE2E6D /* Features */,
				13B428AC27489E1700DE2E6D /* Services */,
				13B428AB27489DFE00DE2E6D /* Utils */,
				13B4289027477BF200DE2E6D /* AppDelegate.swift */,
				13B4289227477BF200DE2E6D /* SceneDelegate.swift */,
				13B4289C27477BF400DE2E6D /* Assets.xcassets */,
				13B4289E27477BF400DE2E6D /* LaunchScreen.storyboard */,
				13B428A127477BF400DE2E6D /* Info.plist */,
				13B4289927477BF200DE2E6D /* TrendingGit.xcdatamodeld */,
			);
			path = TrendingGit;
			sourceTree = "<group>";
		};
		13B428AB27489DFE00DE2E6D /* Utils */ = {
			isa = PBXGroup;
			children = (
				13B428BD2748A39000DE2E6D /* Constants.swift */,
			);
			path = Utils;
			sourceTree = "<group>";
		};
		13B428AC27489E1700DE2E6D /* Services */ = {
			isa = PBXGroup;
			children = (
				13B428AD27489E2800DE2E6D /* WebService.swift */,
			);
			path = Services;
			sourceTree = "<group>";
		};
		13B428AF27489E4500DE2E6D /* Features */ = {
			isa = PBXGroup;
			children = (
				13B428CE2748FF1A00DE2E6D /* DetailRepository */,
				13B428B027489E4B00DE2E6D /* ListRepository */,
			);
			path = Features;
			sourceTree = "<group>";
		};
		13B428B027489E4B00DE2E6D /* ListRepository */ = {
			isa = PBXGroup;
			children = (
				13B428BA27489FAF00DE2E6D /* Controllers */,
				13B428B327489E6800DE2E6D /* View */,
				13B428B227489E6400DE2E6D /* Model */,
				13B428B127489E5E00DE2E6D /* ViewModel */,
			);
			path = ListRepository;
			sourceTree = "<group>";
		};
		13B428B127489E5E00DE2E6D /* ViewModel */ = {
			isa = PBXGroup;
			children = (
				13B428C32748A4A400DE2E6D /* ListRepositoriesViewModel.swift */,
			);
			path = ViewModel;
			sourceTree = "<group>";
		};
		13B428B227489E6400DE2E6D /* Model */ = {
			isa = PBXGroup;
			children = (
				13B428C52748A52800DE2E6D /* Repository.swift */,
				13B428C72748A52800DE2E6D /* RepositoriesResponse.swift */,
				13B428C82748A52800DE2E6D /* License.swift */,
				13B428C62748A52800DE2E6D /* Owner.swift */,
			);
			path = Model;
			sourceTree = "<group>";
		};
		13B428B327489E6800DE2E6D /* View */ = {
			isa = PBXGroup;
			children = (
				13B428CD2748FE6C00DE2E6D /* CustomCells */,
				13B428B427489E8200DE2E6D /* ListRepositories.storyboard */,
			);
			path = View;
			sourceTree = "<group>";
		};
		13B428BA27489FAF00DE2E6D /* Controllers */ = {
			isa = PBXGroup;
			children = (
				13B428BB27489FC600DE2E6D /* ListRepositoriesViewController.swift */,
			);
			path = Controllers;
			sourceTree = "<group>";
		};
		13B428BF2748A3B500DE2E6D /* Extensions */ = {
			isa = PBXGroup;
			children = (
				13B428C02748A3C300DE2E6D /* String+Extensions.swift */,
			);
			path = Extensions;
			sourceTree = "<group>";
		};
		13B428CD2748FE6C00DE2E6D /* CustomCells */ = {
			isa = PBXGroup;
			children = (
				13B428B627489F2C00DE2E6D /* ListRepositoriesCollectionViewCell.swift */,
				13B428B727489F2C00DE2E6D /* ListRepositoriesCollectionViewCell.xib */,
			);
			path = CustomCells;
			sourceTree = "<group>";
		};
		13B428CE2748FF1A00DE2E6D /* DetailRepository */ = {
			isa = PBXGroup;
			children = (
				13B428D22748FF4600DE2E6D /* Controller */,
				13B428D12748FF4000DE2E6D /* View */,
				13B428D02748FF3C00DE2E6D /* Model */,
				13B428CF2748FF3700DE2E6D /* ViewModel */,
			);
			path = DetailRepository;
			sourceTree = "<group>";
		};
		13B428CF2748FF3700DE2E6D /* ViewModel */ = {
			isa = PBXGroup;
			children = (
			);
			path = ViewModel;
			sourceTree = "<group>";
		};
		13B428D02748FF3C00DE2E6D /* Model */ = {
			isa = PBXGroup;
			children = (
			);
			path = Model;
			sourceTree = "<group>";
		};
		13B428D12748FF4000DE2E6D /* View */ = {
			isa = PBXGroup;
			children = (
				13B428D32748FF5A00DE2E6D /* DetailRepository.storyboard */,
			);
			path = View;
			sourceTree = "<group>";
		};
		13B428D22748FF4600DE2E6D /* Controller */ = {
			isa = PBXGroup;
			children = (
				13B428D52748FF8900DE2E6D /* DetailRepositoryViewController.swift */,
			);
			path = Controller;
			sourceTree = "<group>";
		};
/* End PBXGroup section */

/* Begin PBXNativeTarget section */
		13B4288C27477BF200DE2E6D /* TrendingGit */ = {
			isa = PBXNativeTarget;
			buildConfigurationList = 13B428A427477BF400DE2E6D /* Build configuration list for PBXNativeTarget "TrendingGit" */;
			buildPhases = (
				13B4288927477BF200DE2E6D /* Sources */,
				13B4288A27477BF200DE2E6D /* Frameworks */,
				13B4288B27477BF200DE2E6D /* Resources */,
			);
			buildRules = (
			);
			dependencies = (
			);
			name = TrendingGit;
			productName = TrendingGit;
			productReference = 13B4288D27477BF200DE2E6D /* TrendingGit.app */;
			productType = "com.apple.product-type.application";
		};
/* End PBXNativeTarget section */

/* Begin PBXProject section */
		13B4288527477BF200DE2E6D /* Project object */ = {
			isa = PBXProject;
			attributes = {
				BuildIndependentTargetsInParallel = 1;
				LastSwiftUpdateCheck = 1310;
				LastUpgradeCheck = 1310;
				TargetAttributes = {
					13B4288C27477BF200DE2E6D = {
						CreatedOnToolsVersion = 13.1;
					};
				};
			};
			buildConfigurationList = 13B4288827477BF200DE2E6D /* Build configuration list for PBXProject "TrendingGit" */;
			compatibilityVersion = "Xcode 13.0";
			developmentRegion = en;
			hasScannedForEncodings = 0;
			knownRegions = (
				en,
				Base,
			);
			mainGroup = 13B4288427477BF200DE2E6D;
			productRefGroup = 13B4288E27477BF200DE2E6D /* Products */;
			projectDirPath = "";
			projectRoot = "";
			targets = (
				13B4288C27477BF200DE2E6D /* TrendingGit */,
			);
		};
/* End PBXProject section */

/* Begin PBXResourcesBuildPhase section */
		13B4288B27477BF200DE2E6D /* Resources */ = {
			isa = PBXResourcesBuildPhase;
			buildActionMask = 2147483647;
			files = (
				13B428A027477BF400DE2E6D /* LaunchScreen.storyboard in Resources */,
				13B4289D27477BF400DE2E6D /* Assets.xcassets in Resources */,
				13B428B527489E8200DE2E6D /* ListRepositories.storyboard in Resources */,
				13B428D42748FF5A00DE2E6D /* DetailRepository.storyboard in Resources */,
				13B428B927489F2C00DE2E6D /* ListRepositoriesCollectionViewCell.xib in Resources */,
			);
			runOnlyForDeploymentPostprocessing = 0;
		};
/* End PBXResourcesBuildPhase section */

/* Begin PBXSourcesBuildPhase section */
		13B4288927477BF200DE2E6D /* Sources */ = {
			isa = PBXSourcesBuildPhase;
			buildActionMask = 2147483647;
			files = (
				13B428C42748A4A400DE2E6D /* ListRepositoriesViewModel.swift in Sources */,
				13B428B827489F2C00DE2E6D /* ListRepositoriesCollectionViewCell.swift in Sources */,
				13B428BC27489FC600DE2E6D /* ListRepositoriesViewController.swift in Sources */,
				13B428CC2748A52900DE2E6D /* License.swift in Sources */,
				13B4289127477BF200DE2E6D /* AppDelegate.swift in Sources */,
				13B4289327477BF200DE2E6D /* SceneDelegate.swift in Sources */,
				13B428CB2748A52900DE2E6D /* RepositoriesResponse.swift in Sources */,
				13B428BE2748A39000DE2E6D /* Constants.swift in Sources */,
				13B428C92748A52800DE2E6D /* Repository.swift in Sources */,
				13B428AE27489E2800DE2E6D /* WebService.swift in Sources */,
				13B428CA2748A52900DE2E6D /* Owner.swift in Sources */,
				13B428D62748FF8900DE2E6D /* DetailRepositoryViewController.swift in Sources */,
				13B428C12748A3C300DE2E6D /* String+Extensions.swift in Sources */,
				13B4289B27477BF200DE2E6D /* TrendingGit.xcdatamodeld in Sources */,
			);
			runOnlyForDeploymentPostprocessing = 0;
		};
/* End PBXSourcesBuildPhase section */

/* Begin PBXVariantGroup section */
		13B4289E27477BF400DE2E6D /* LaunchScreen.storyboard */ = {
			isa = PBXVariantGroup;
			children = (
				13B4289F27477BF400DE2E6D /* Base */,
			);
			name = LaunchScreen.storyboard;
			sourceTree = "<group>";
		};
/* End PBXVariantGroup section */

/* Begin XCBuildConfiguration section */
		13B428A227477BF400DE2E6D /* Debug */ = {
			isa = XCBuildConfiguration;
			buildSettings = {
				ALWAYS_SEARCH_USER_PATHS = NO;
				CLANG_ANALYZER_NONNULL = YES;
				CLANG_ANALYZER_NUMBER_OBJECT_CONVERSION = YES_AGGRESSIVE;
				CLANG_CXX_LANGUAGE_STANDARD = "gnu++17";
				CLANG_CXX_LIBRARY = "libc++";
				CLANG_ENABLE_MODULES = YES;
				CLANG_ENABLE_OBJC_ARC = YES;
				CLANG_ENABLE_OBJC_WEAK = YES;
				CLANG_WARN_BLOCK_CAPTURE_AUTORELEASING = YES;
				CLANG_WARN_BOOL_CONVERSION = YES;
				CLANG_WARN_COMMA = YES;
				CLANG_WARN_CONSTANT_CONVERSION = YES;
				CLANG_WARN_DEPRECATED_OBJC_IMPLEMENTATIONS = YES;
				CLANG_WARN_DIRECT_OBJC_ISA_USAGE = YES_ERROR;
				CLANG_WARN_DOCUMENTATION_COMMENTS = YES;
				CLANG_WARN_EMPTY_BODY = YES;
				CLANG_WARN_ENUM_CONVERSION = YES;
				CLANG_WARN_INFINITE_RECURSION = YES;
				CLANG_WARN_INT_CONVERSION = YES;
				CLANG_WARN_NON_LITERAL_NULL_CONVERSION = YES;
				CLANG_WARN_OBJC_IMPLICIT_RETAIN_SELF = YES;
				CLANG_WARN_OBJC_LITERAL_CONVERSION = YES;
				CLANG_WARN_OBJC_ROOT_CLASS = YES_ERROR;
				CLANG_WARN_QUOTED_INCLUDE_IN_FRAMEWORK_HEADER = YES;
				CLANG_WARN_RANGE_LOOP_ANALYSIS = YES;
				CLANG_WARN_STRICT_PROTOTYPES = YES;
				CLANG_WARN_SUSPICIOUS_MOVE = YES;
				CLANG_WARN_UNGUARDED_AVAILABILITY = YES_AGGRESSIVE;
				CLANG_WARN_UNREACHABLE_CODE = YES;
				CLANG_WARN__DUPLICATE_METHOD_MATCH = YES;
				COPY_PHASE_STRIP = NO;
				DEBUG_INFORMATION_FORMAT = dwarf;
				ENABLE_STRICT_OBJC_MSGSEND = YES;
				ENABLE_TESTABILITY = YES;
				GCC_C_LANGUAGE_STANDARD = gnu11;
				GCC_DYNAMIC_NO_PIC = NO;
				GCC_NO_COMMON_BLOCKS = YES;
				GCC_OPTIMIZATION_LEVEL = 0;
				GCC_PREPROCESSOR_DEFINITIONS = (
					"DEBUG=1",
					"$(inherited)",
				);
				GCC_WARN_64_TO_32_BIT_CONVERSION = YES;
				GCC_WARN_ABOUT_RETURN_TYPE = YES_ERROR;
				GCC_WARN_UNDECLARED_SELECTOR = YES;
				GCC_WARN_UNINITIALIZED_AUTOS = YES_AGGRESSIVE;
				GCC_WARN_UNUSED_FUNCTION = YES;
				GCC_WARN_UNUSED_VARIABLE = YES;
				IPHONEOS_DEPLOYMENT_TARGET = 15.0;
				MTL_ENABLE_DEBUG_INFO = INCLUDE_SOURCE;
				MTL_FAST_MATH = YES;
				ONLY_ACTIVE_ARCH = YES;
				SDKROOT = iphoneos;
				SWIFT_ACTIVE_COMPILATION_CONDITIONS = DEBUG;
				SWIFT_OPTIMIZATION_LEVEL = "-Onone";
			};
			name = Debug;
		};
		13B428A327477BF400DE2E6D /* Release */ = {
			isa = XCBuildConfiguration;
			buildSettings = {
				ALWAYS_SEARCH_USER_PATHS = NO;
				CLANG_ANALYZER_NONNULL = YES;
				CLANG_ANALYZER_NUMBER_OBJECT_CONVERSION = YES_AGGRESSIVE;
				CLANG_CXX_LANGUAGE_STANDARD = "gnu++17";
				CLANG_CXX_LIBRARY = "libc++";
				CLANG_ENABLE_MODULES = YES;
				CLANG_ENABLE_OBJC_ARC = YES;
				CLANG_ENABLE_OBJC_WEAK = YES;
				CLANG_WARN_BLOCK_CAPTURE_AUTORELEASING = YES;
				CLANG_WARN_BOOL_CONVERSION = YES;
				CLANG_WARN_COMMA = YES;
				CLANG_WARN_CONSTANT_CONVERSION = YES;
				CLANG_WARN_DEPRECATED_OBJC_IMPLEMENTATIONS = YES;
				CLANG_WARN_DIRECT_OBJC_ISA_USAGE = YES_ERROR;
				CLANG_WARN_DOCUMENTATION_COMMENTS = YES;
				CLANG_WARN_EMPTY_BODY = YES;
				CLANG_WARN_ENUM_CONVERSION = YES;
				CLANG_WARN_INFINITE_RECURSION = YES;
				CLANG_WARN_INT_CONVERSION = YES;
				CLANG_WARN_NON_LITERAL_NULL_CONVERSION = YES;
				CLANG_WARN_OBJC_IMPLICIT_RETAIN_SELF = YES;
				CLANG_WARN_OBJC_LITERAL_CONVERSION = YES;
				CLANG_WARN_OBJC_ROOT_CLASS = YES_ERROR;
				CLANG_WARN_QUOTED_INCLUDE_IN_FRAMEWORK_HEADER = YES;
				CLANG_WARN_RANGE_LOOP_ANALYSIS = YES;
				CLANG_WARN_STRICT_PROTOTYPES = YES;
				CLANG_WARN_SUSPICIOUS_MOVE = YES;
				CLANG_WARN_UNGUARDED_AVAILABILITY = YES_AGGRESSIVE;
				CLANG_WARN_UNREACHABLE_CODE = YES;
				CLANG_WARN__DUPLICATE_METHOD_MATCH = YES;
				COPY_PHASE_STRIP = NO;
				DEBUG_INFORMATION_FORMAT = "dwarf-with-dsym";
				ENABLE_NS_ASSERTIONS = NO;
				ENABLE_STRICT_OBJC_MSGSEND = YES;
				GCC_C_LANGUAGE_STANDARD = gnu11;
				GCC_NO_COMMON_BLOCKS = YES;
				GCC_WARN_64_TO_32_BIT_CONVERSION = YES;
				GCC_WARN_ABOUT_RETURN_TYPE = YES_ERROR;
				GCC_WARN_UNDECLARED_SELECTOR = YES;
				GCC_WARN_UNINITIALIZED_AUTOS = YES_AGGRESSIVE;
				GCC_WARN_UNUSED_FUNCTION = YES;
				GCC_WARN_UNUSED_VARIABLE = YES;
				IPHONEOS_DEPLOYMENT_TARGET = 15.0;
				MTL_ENABLE_DEBUG_INFO = NO;
				MTL_FAST_MATH = YES;
				SDKROOT = iphoneos;
				SWIFT_COMPILATION_MODE = wholemodule;
				SWIFT_OPTIMIZATION_LEVEL = "-O";
				VALIDATE_PRODUCT = YES;
			};
			name = Release;
		};
		13B428A527477BF400DE2E6D /* Debug */ = {
			isa = XCBuildConfiguration;
			buildSettings = {
				ASSETCATALOG_COMPILER_APPICON_NAME = AppIcon;
				ASSETCATALOG_COMPILER_GLOBAL_ACCENT_COLOR_NAME = AccentColor;
				CODE_SIGN_STYLE = Automatic;
				CURRENT_PROJECT_VERSION = 1;
				DEVELOPMENT_TEAM = 9P49UTYHH6;
				GENERATE_INFOPLIST_FILE = YES;
				INFOPLIST_FILE = TrendingGit/Info.plist;
				INFOPLIST_KEY_UIApplicationSupportsIndirectInputEvents = YES;
				INFOPLIST_KEY_UILaunchStoryboardName = LaunchScreen;
				INFOPLIST_KEY_UIMainStoryboardFile = ListRepositories;
				INFOPLIST_KEY_UISupportedInterfaceOrientations = UIInterfaceOrientationPortrait;
				INFOPLIST_KEY_UISupportedInterfaceOrientations_iPad = "UIInterfaceOrientationPortrait UIInterfaceOrientationPortraitUpsideDown UIInterfaceOrientationLandscapeLeft UIInterfaceOrientationLandscapeRight";
				INFOPLIST_KEY_UISupportedInterfaceOrientations_iPhone = "UIInterfaceOrientationPortrait UIInterfaceOrientationLandscapeLeft UIInterfaceOrientationLandscapeRight";
				LD_RUNPATH_SEARCH_PATHS = (
					"$(inherited)",
					"@executable_path/Frameworks",
				);
				MARKETING_VERSION = 1.0;
				PRODUCT_BUNDLE_IDENTIFIER = id.infinitelearning.TrendingGit;
				PRODUCT_NAME = "$(TARGET_NAME)";
				SWIFT_EMIT_LOC_STRINGS = YES;
				SWIFT_VERSION = 5.0;
				TARGETED_DEVICE_FAMILY = "1,2";
			};
			name = Debug;
		};
		13B428A627477BF400DE2E6D /* Release */ = {
			isa = XCBuildConfiguration;
			buildSettings = {
				ASSETCATALOG_COMPILER_APPICON_NAME = AppIcon;
				ASSETCATALOG_COMPILER_GLOBAL_ACCENT_COLOR_NAME = AccentColor;
				CODE_SIGN_STYLE = Automatic;
				CURRENT_PROJECT_VERSION = 1;
				DEVELOPMENT_TEAM = 9P49UTYHH6;
				GENERATE_INFOPLIST_FILE = YES;
				INFOPLIST_FILE = TrendingGit/Info.plist;
				INFOPLIST_KEY_UIApplicationSupportsIndirectInputEvents = YES;
				INFOPLIST_KEY_UILaunchStoryboardName = LaunchScreen;
				INFOPLIST_KEY_UIMainStoryboardFile = ListRepositories;
				INFOPLIST_KEY_UISupportedInterfaceOrientations = UIInterfaceOrientationPortrait;
				INFOPLIST_KEY_UISupportedInterfaceOrientations_iPad = "UIInterfaceOrientationPortrait UIInterfaceOrientationPortraitUpsideDown UIInterfaceOrientationLandscapeLeft UIInterfaceOrientationLandscapeRight";
				INFOPLIST_KEY_UISupportedInterfaceOrientations_iPhone = "UIInterfaceOrientationPortrait UIInterfaceOrientationLandscapeLeft UIInterfaceOrientationLandscapeRight";
				LD_RUNPATH_SEARCH_PATHS = (
					"$(inherited)",
					"@executable_path/Frameworks",
				);
				MARKETING_VERSION = 1.0;
				PRODUCT_BUNDLE_IDENTIFIER = id.infinitelearning.TrendingGit;
				PRODUCT_NAME = "$(TARGET_NAME)";
				SWIFT_EMIT_LOC_STRINGS = YES;
				SWIFT_VERSION = 5.0;
				TARGETED_DEVICE_FAMILY = "1,2";
			};
			name = Release;
		};
/* End XCBuildConfiguration section */

/* Begin XCConfigurationList section */
		13B4288827477BF200DE2E6D /* Build configuration list for PBXProject "TrendingGit" */ = {
			isa = XCConfigurationList;
			buildConfigurations = (
				13B428A227477BF400DE2E6D /* Debug */,
				13B428A327477BF400DE2E6D /* Release */,
			);
			defaultConfigurationIsVisible = 0;
			defaultConfigurationName = Release;
		};
		13B428A427477BF400DE2E6D /* Build configuration list for PBXNativeTarget "TrendingGit" */ = {
			isa = XCConfigurationList;
			buildConfigurations = (
				13B428A527477BF400DE2E6D /* Debug */,
				13B428A627477BF400DE2E6D /* Release */,
			);
			defaultConfigurationIsVisible = 0;
			defaultConfigurationName = Release;
		};
/* End XCConfigurationList section */

/* Begin XCVersionGroup section */
		13B4289927477BF200DE2E6D /* TrendingGit.xcdatamodeld */ = {
			isa = XCVersionGroup;
			children = (
				13B4289A27477BF200DE2E6D /* TrendingGit.xcdatamodel */,
			);
			currentVersion = 13B4289A27477BF200DE2E6D /* TrendingGit.xcdatamodel */;
			path = TrendingGit.xcdatamodeld;
			sourceTree = "<group>";
			versionGroupType = wrapper.xcdatamodel;
		};
/* End XCVersionGroup section */
	};
	rootObject = 13B4288527477BF200DE2E6D /* Project object */;
}
